
Microsoft Visual Studio Solution File, Format Version 12.00
# Visual Studio Version 17
VisualStudioVersion = 17.9.34902.65
MinimumVisualStudioVersion = 10.0.40219.1
Project("{FAE04EC0-301F-11D3-BF4B-00C04F79EFBC}") = "EPonto", "EPonto\EPonto.csproj", "{2B2E2438-F8A0-4CB4-9720-50F780E279EA}"
EndProject
Global
	GlobalSection(SolutionConfigurationPlatforms) = preSolution
		Debug|Any CPU = Debug|Any CPU
		Release|Any CPU = Release|Any CPU
	EndGlobalSection
	GlobalSection(ProjectConfigurationPlatforms) = postSolution
		{2B2E2438-F8A0-4CB4-9720-50F780E279EA}.Debug|Any CPU.ActiveCfg = Debug|Any CPU
		{2B2E2438-F8A0-4CB4-9720-50F780E279EA}.Debug|Any CPU.Build.0 = Debug|Any CPU
		{2B2E2438-F8A0-4CB4-9720-50F780E279EA}.Release|Any CPU.ActiveCfg = Release|Any CPU
		{2B2E2438-F8A0-4CB4-9720-50F780E279EA}.Release|Any CPU.Build.0 = Release|Any CPU
	EndGlobalSection
	GlobalSection(SolutionProperties) = preSolution
		HideSolutionNode = FALSE
	EndGlobalSection
	GlobalSection(ExtensibilityGlobals) = postSolution
		SolutionGuid = {7155B144-D24C-4900-8ED0-1F26C827AEEF}
	EndGlobalSection
EndGlobal
